
Microsoft Visual Studio Solution File, Format Version 12.00
# Visual Studio Version 16
VisualStudioVersion = 16.0.30711.63
MinimumVisualStudioVersion = 10.0.40219.1
Project("{9A19103F-16F7-4668-BE54-9A1E7A4F7556}") = "RetroGamingFunctionApp", "RetroGamingFunctionApp\RetroGamingFunctionApp.csproj", "{D37D445F-CC1E-4254-83DF-C1761076D715}"
EndProject
Project("{9A19103F-16F7-4668-BE54-9A1E7A4F7556}") = "RetroGamingWebsite", "RetroGamingWebsite\RetroGamingWebsite.csproj", "{13960240-8817-4511-BEFB-0BBB94800AA3}"
EndProject
Project("{FAE04EC0-301F-11D3-BF4B-00C04F79EFBC}") = "RetroGamingFunctionApp.Tests", "RetroGamingFunctionApp.Tests\RetroGamingFunctionApp.Tests.csproj", "{3C7B2A03-D1CE-46D5-9DA7-39EF02B287F5}"
EndProject
Global
	GlobalSection(SolutionConfigurationPlatforms) = preSolution
		Debug|Any CPU = Debug|Any CPU
		Release|Any CPU = Release|Any CPU
	EndGlobalSection
	GlobalSection(ProjectConfigurationPlatforms) = postSolution
		{D37D445F-CC1E-4254-83DF-C1761076D715}.Debug|Any CPU.ActiveCfg = Debug|Any CPU
		{D37D445F-CC1E-4254-83DF-C1761076D715}.Debug|Any CPU.Build.0 = Debug|Any CPU
		{D37D445F-CC1E-4254-83DF-C1761076D715}.Release|Any CPU.ActiveCfg = Release|Any CPU
		{D37D445F-CC1E-4254-83DF-C1761076D715}.Release|Any CPU.Build.0 = Release|Any CPU
		{13960240-8817-4511-BEFB-0BBB94800AA3}.Debug|Any CPU.ActiveCfg = Debug|Any CPU
		{13960240-8817-4511-BEFB-0BBB94800AA3}.Debug|Any CPU.Build.0 = Debug|Any CPU
		{13960240-8817-4511-BEFB-0BBB94800AA3}.Release|Any CPU.ActiveCfg = Release|Any CPU
		{13960240-8817-4511-BEFB-0BBB94800AA3}.Release|Any CPU.Build.0 = Release|Any CPU
		{3C7B2A03-D1CE-46D5-9DA7-39EF02B287F5}.Debug|Any CPU.ActiveCfg = Debug|Any CPU
		{3C7B2A03-D1CE-46D5-9DA7-39EF02B287F5}.Debug|Any CPU.Build.0 = Debug|Any CPU
		{3C7B2A03-D1CE-46D5-9DA7-39EF02B287F5}.Release|Any CPU.ActiveCfg = Release|Any CPU
		{3C7B2A03-D1CE-46D5-9DA7-39EF02B287F5}.Release|Any CPU.Build.0 = Release|Any CPU
	EndGlobalSection
	GlobalSection(SolutionProperties) = preSolution
		HideSolutionNode = FALSE
	EndGlobalSection
	GlobalSection(ExtensibilityGlobals) = postSolution
		SolutionGuid = {F40CD940-F820-41CC-BA5C-BFFD17E829FC}
	EndGlobalSection
EndGlobal
